
Microsoft Visual Studio Solution File, Format Version 12.00
# Visual Studio Version 16
VisualStudioVersion = 16.0.32929.386
MinimumVisualStudioVersion = 10.0.40219.1
Project("{FAE04EC0-301F-11D3-BF4B-00C04F79EFBC}") = "Wpf-Task4", "Wpf-Task4\Wpf-Task4.csproj", "{14331DD4-C6F1-44BF-AB3B-E7FC0911C6C2}"
EndProject
Global
	GlobalSection(SolutionConfigurationPlatforms) = preSolution
		Debug|Any CPU = Debug|Any CPU
		Release|Any CPU = Release|Any CPU
	EndGlobalSection
	GlobalSection(ProjectConfigurationPlatforms) = postSolution
		{14331DD4-C6F1-44BF-AB3B-E7FC0911C6C2}.Debug|Any CPU.ActiveCfg = Debug|Any CPU
		{14331DD4-C6F1-44BF-AB3B-E7FC0911C6C2}.Debug|Any CPU.Build.0 = Debug|Any CPU
		{14331DD4-C6F1-44BF-AB3B-E7FC0911C6C2}.Release|Any CPU.ActiveCfg = Release|Any CPU
		{14331DD4-C6F1-44BF-AB3B-E7FC0911C6C2}.Release|Any CPU.Build.0 = Release|Any CPU
	EndGlobalSection
	GlobalSection(SolutionProperties) = preSolution
		HideSolutionNode = FALSE
	EndGlobalSection
	GlobalSection(ExtensibilityGlobals) = postSolution
		SolutionGuid = {E88B95AF-DA60-4C57-9B74-247D9D296AAE}
	EndGlobalSection
EndGlobal
